{
  "name": "vexis-studio",
  "version": "0.1.0",
  "lockfileVersion": 3,
  "requires": true,
  "packages": {
    "": {
      "name": "vexis-studio",
      "version": "0.1.0",
      "bin": {
        "vexis": "src/cli-entry.js",
        "vexis-desktop": "src/desktop-entry.js",
        "vexis-tui": "src/tui-entry.js"
      },
      "engines": {
        "node": ">=20"
      }
    }
  }
}
